
Microsoft Visual Studio Solution File, Format Version 12.00
# Visual Studio Version 16
VisualStudioVersion = 16.0.30413.136
MinimumVisualStudioVersion = 10.0.40219.1
Project("{FAE04EC0-301F-11D3-BF4B-00C04F79EFBC}") = "ASP.NET.Homework02_StoreApp", "ASP.NET.Homework02_StoreApp\ASP.NET.Homework02_StoreApp.csproj", "{3526C986-AB74-4766-9507-10BBA7E4B641}"
EndProject
Global
	GlobalSection(SolutionConfigurationPlatforms) = preSolution
		Debug|Any CPU = Debug|Any CPU
		Release|Any CPU = Release|Any CPU
	EndGlobalSection
	GlobalSection(ProjectConfigurationPlatforms) = postSolution
		{3526C986-AB74-4766-9507-10BBA7E4B641}.Debug|Any CPU.ActiveCfg = Debug|Any CPU
		{3526C986-AB74-4766-9507-10BBA7E4B641}.Debug|Any CPU.Build.0 = Debug|Any CPU
		{3526C986-AB74-4766-9507-10BBA7E4B641}.Release|Any CPU.ActiveCfg = Release|Any CPU
		{3526C986-AB74-4766-9507-10BBA7E4B641}.Release|Any CPU.Build.0 = Release|Any CPU
	EndGlobalSection
	GlobalSection(SolutionProperties) = preSolution
		HideSolutionNode = FALSE
	EndGlobalSection
	GlobalSection(ExtensibilityGlobals) = postSolution
		SolutionGuid = {732A5107-FD80-4362-ABD6-86749D8BB179}
	EndGlobalSection
EndGlobal
